
Microsoft Visual Studio Solution File, Format Version 12.00
# Visual Studio Version 17
VisualStudioVersion = 17.3.32804.467
MinimumVisualStudioVersion = 10.0.40219.1
Project("{FAE04EC0-301F-11D3-BF4B-00C04F79EFBC}") = "LanchesClean.Domain", "LanchesClean.Domain\LanchesClean.Domain.csproj", "{E6392356-3115-437C-AAB7-781C82787376}"
EndProject
Project("{FAE04EC0-301F-11D3-BF4B-00C04F79EFBC}") = "LanchesClean.InfraData", "LanchesClean.InfraData\LanchesClean.InfraData.csproj", "{0A30E5CF-7D8A-4FF5-912D-F9D69A75878E}"
EndProject
Project("{FAE04EC0-301F-11D3-BF4B-00C04F79EFBC}") = "LanchesClean.InfraIoc", "LanchesClean.InfraIoc\LanchesClean.InfraIoc.csproj", "{C35C6915-C0DE-4644-AA71-40A4FB227201}"
EndProject
Project("{FAE04EC0-301F-11D3-BF4B-00C04F79EFBC}") = "LanchesClean.Application", "LanchesClean.Application\LanchesClean.Application.csproj", "{7BC576AA-2E10-49AE-A77F-C08D70C8B369}"
EndProject
Project("{FAE04EC0-301F-11D3-BF4B-00C04F79EFBC}") = "LanchesCleanMVC.WebUI", "LanchesCleanMVC.WebUI\LanchesCleanMVC.WebUI.csproj", "{69BA1B13-E085-4786-990C-4ED3E7AD3DD1}"
EndProject
Global
	GlobalSection(SolutionConfigurationPlatforms) = preSolution
		Debug|Any CPU = Debug|Any CPU
		Release|Any CPU = Release|Any CPU
	EndGlobalSection
	GlobalSection(ProjectConfigurationPlatforms) = postSolution
		{E6392356-3115-437C-AAB7-781C82787376}.Debug|Any CPU.ActiveCfg = Debug|Any CPU
		{E6392356-3115-437C-AAB7-781C82787376}.Debug|Any CPU.Build.0 = Debug|Any CPU
		{E6392356-3115-437C-AAB7-781C82787376}.Release|Any CPU.ActiveCfg = Release|Any CPU
		{E6392356-3115-437C-AAB7-781C82787376}.Release|Any CPU.Build.0 = Release|Any CPU
		{0A30E5CF-7D8A-4FF5-912D-F9D69A75878E}.Debug|Any CPU.ActiveCfg = Debug|Any CPU
		{0A30E5CF-7D8A-4FF5-912D-F9D69A75878E}.Debug|Any CPU.Build.0 = Debug|Any CPU
		{0A30E5CF-7D8A-4FF5-912D-F9D69A75878E}.Release|Any CPU.ActiveCfg = Release|Any CPU
		{0A30E5CF-7D8A-4FF5-912D-F9D69A75878E}.Release|Any CPU.Build.0 = Release|Any CPU
		{C35C6915-C0DE-4644-AA71-40A4FB227201}.Debug|Any CPU.ActiveCfg = Debug|Any CPU
		{C35C6915-C0DE-4644-AA71-40A4FB227201}.Debug|Any CPU.Build.0 = Debug|Any CPU
		{C35C6915-C0DE-4644-AA71-40A4FB227201}.Release|Any CPU.ActiveCfg = Release|Any CPU
		{C35C6915-C0DE-4644-AA71-40A4FB227201}.Release|Any CPU.Build.0 = Release|Any CPU
		{7BC576AA-2E10-49AE-A77F-C08D70C8B369}.Debug|Any CPU.ActiveCfg = Debug|Any CPU
		{7BC576AA-2E10-49AE-A77F-C08D70C8B369}.Debug|Any CPU.Build.0 = Debug|Any CPU
		{7BC576AA-2E10-49AE-A77F-C08D70C8B369}.Release|Any CPU.ActiveCfg = Release|Any CPU
		{7BC576AA-2E10-49AE-A77F-C08D70C8B369}.Release|Any CPU.Build.0 = Release|Any CPU
		{69BA1B13-E085-4786-990C-4ED3E7AD3DD1}.Debug|Any CPU.ActiveCfg = Debug|Any CPU
		{69BA1B13-E085-4786-990C-4ED3E7AD3DD1}.Debug|Any CPU.Build.0 = Debug|Any CPU
		{69BA1B13-E085-4786-990C-4ED3E7AD3DD1}.Release|Any CPU.ActiveCfg = Release|Any CPU
		{69BA1B13-E085-4786-990C-4ED3E7AD3DD1}.Release|Any CPU.Build.0 = Release|Any CPU
	EndGlobalSection
	GlobalSection(SolutionProperties) = preSolution
		HideSolutionNode = FALSE
	EndGlobalSection
	GlobalSection(ExtensibilityGlobals) = postSolution
		SolutionGuid = {24EB4768-19B3-4ED0-A46A-A0D7FF7A5455}
	EndGlobalSection
EndGlobal
